{
  "originHash" : "c90118da25df667ab936c5d2088b6a731aa32a34ec5d76d70cf99137667847f1",
  "pins" : [
    {
      "identity" : "helpers",
      "kind" : "remoteSourceControl",
      "location" : "https://github.com/toastersocks/Helpers.git",
      "state" : {
        "revision" : "ae8fe3d43f72082cd4a67a0e9791fa982aa90d54",
        "version" : "0.6.0"
      }
    },
    {
      "identity" : "lookingglassui",
      "kind" : "remoteSourceControl",
      "location" : "https://github.com/ryanlintott/LookingGlassUI",
      "state" : {
        "revision" : "3257e1b5392a8b39e4620e09cfdb672d2be42855",
        "version" : "0.3.1"
      }
    },
    {
      "identity" : "multipicker",
      "kind" : "remoteSourceControl",
      "location" : "https://github.com/toastersocks/MultiPicker",
      "state" : {
        "branch" : "main",
        "revision" : "fe4b14ca6556ee9f71d1a4475f2f229cc7d2f5d8"
      }
    }
  ],
  "version" : 3
}
