// !$*UTF8*$!
{
	archiveVersion = 1;
	classes = {
	};
	objectVersion = 56;
	objects = {

/* Begin PBXBuildFile section */
		AC1D37532B604F74009161C3 /* SetsEndpoint.swift in Sources */ = {isa = PBXBuildFile; fileRef = AC1D37462B604F73009161C3 /* SetsEndpoint.swift */; };
		AC1D37542B604F74009161C3 /* PokemonTCGAPIService.swift in Sources */ = {isa = PBXBuildFile; fileRef = AC1D37472B604F73009161C3 /* PokemonTCGAPIService.swift */; };
		AC1D37572B604F74009161C3 /* RequestMethod.swift in Sources */ = {isa = PBXBuildFile; fileRef = AC1D374B2B604F74009161C3 /* RequestMethod.swift */; };
		AC1D37582B604F74009161C3 /* HTTPClient.swift in Sources */ = {isa = PBXBuildFile; fileRef = AC1D374C2B604F74009161C3 /* HTTPClient.swift */; };
		AC1D37592B604F74009161C3 /* RequestError.swift in Sources */ = {isa = PBXBuildFile; fileRef = AC1D374D2B604F74009161C3 /* RequestError.swift */; };
		AC1D375A2B604F74009161C3 /* Endpoint.swift in Sources */ = {isa = PBXBuildFile; fileRef = AC1D374E2B604F74009161C3 /* Endpoint.swift */; };
		AC1D375E2B604F9C009161C3 /* PokemonTCGEndpoint.swift in Sources */ = {isa = PBXBuildFile; fileRef = AC1D375D2B604F9C009161C3 /* PokemonTCGEndpoint.swift */; };
		AC1D37612B605111009161C3 /* PokemonTCGSet.swift in Sources */ = {isa = PBXBuildFile; fileRef = AC1D37602B605111009161C3 /* PokemonTCGSet.swift */; };
		AC1D37632B6053A5009161C3 /* PokemonTCGSetsResponse.swift in Sources */ = {isa = PBXBuildFile; fileRef = AC1D37622B6053A5009161C3 /* PokemonTCGSetsResponse.swift */; };
		AC1D37652B60572A009161C3 /* SetsViewModel.swift in Sources */ = {isa = PBXBuildFile; fileRef = AC1D37642B60572A009161C3 /* SetsViewModel.swift */; };
		AC5D8E3A2B62AD30008A025A /* CardsEndpoint.swift in Sources */ = {isa = PBXBuildFile; fileRef = AC5D8E392B62AD30008A025A /* CardsEndpoint.swift */; };
		AC5D8E3C2B62AD3A008A025A /* PokemonTCGCard.swift in Sources */ = {isa = PBXBuildFile; fileRef = AC5D8E3B2B62AD3A008A025A /* PokemonTCGCard.swift */; };
		AC5D8E3E2B62AD4C008A025A /* PokemonTCGCardsResponse.swift in Sources */ = {isa = PBXBuildFile; fileRef = AC5D8E3D2B62AD4C008A025A /* PokemonTCGCardsResponse.swift */; };
		AC5D8E402B62ADD8008A025A /* PokemonTCGPlayerData.swift in Sources */ = {isa = PBXBuildFile; fileRef = AC5D8E3F2B62ADD8008A025A /* PokemonTCGPlayerData.swift */; };
		AC5D8E452B62FE1F008A025A /* SetView.swift in Sources */ = {isa = PBXBuildFile; fileRef = AC5D8E442B62FE1F008A025A /* SetView.swift */; };
		AC5D8E472B62FE31008A025A /* SetViewModel.swift in Sources */ = {isa = PBXBuildFile; fileRef = AC5D8E462B62FE31008A025A /* SetViewModel.swift */; };
		AC5D8E4A2B669AF1008A025A /* CardsView.swift in Sources */ = {isa = PBXBuildFile; fileRef = AC5D8E492B669AF1008A025A /* CardsView.swift */; };
		AC5D8E4C2B669AFB008A025A /* CardsViewModel.swift in Sources */ = {isa = PBXBuildFile; fileRef = AC5D8E4B2B669AFB008A025A /* CardsViewModel.swift */; };
		AC5D8E4F2B669B88008A025A /* CardViewModel.swift in Sources */ = {isa = PBXBuildFile; fileRef = AC5D8E4E2B669B88008A025A /* CardViewModel.swift */; };
		AC5D8E512B669B91008A025A /* CardView.swift in Sources */ = {isa = PBXBuildFile; fileRef = AC5D8E502B669B91008A025A /* CardView.swift */; };
		AC5D8E542B66EA20008A025A /* Extensions.swift in Sources */ = {isa = PBXBuildFile; fileRef = AC5D8E532B66EA20008A025A /* Extensions.swift */; };
		AC7C7E1E2B60255A00454F5D /* PoKevApp.swift in Sources */ = {isa = PBXBuildFile; fileRef = AC7C7E1D2B60255A00454F5D /* PoKevApp.swift */; };
		AC7C7E202B60255A00454F5D /* SetsView.swift in Sources */ = {isa = PBXBuildFile; fileRef = AC7C7E1F2B60255A00454F5D /* SetsView.swift */; };
		AC7C7E222B60255B00454F5D /* Assets.xcassets in Resources */ = {isa = PBXBuildFile; fileRef = AC7C7E212B60255B00454F5D /* Assets.xcassets */; };
		AC7C7E262B60255B00454F5D /* Preview Assets.xcassets in Resources */ = {isa = PBXBuildFile; fileRef = AC7C7E252B60255B00454F5D /* Preview Assets.xcassets */; };
		AC7C7E302B60255C00454F5D /* PoKevTests.swift in Sources */ = {isa = PBXBuildFile; fileRef = AC7C7E2F2B60255C00454F5D /* PoKevTests.swift */; };
		AC7C7E3A2B60255C00454F5D /* PoKevUITests.swift in Sources */ = {isa = PBXBuildFile; fileRef = AC7C7E392B60255C00454F5D /* PoKevUITests.swift */; };
		AC7C7E3C2B60255C00454F5D /* PoKevUITestsLaunchTests.swift in Sources */ = {isa = PBXBuildFile; fileRef = AC7C7E3B2B60255C00454F5D /* PoKevUITestsLaunchTests.swift */; };
		AC95D01C2C42BF0F00A6B026 /* CloudKit.framework in Frameworks */ = {isa = PBXBuildFile; fileRef = AC95D01B2C42BF0F00A6B026 /* CloudKit.framework */; };
		ACC7A39E2B90C8570082B0CF /* CarouselView.swift in Sources */ = {isa = PBXBuildFile; fileRef = ACC7A39D2B90C8570082B0CF /* CarouselView.swift */; };
		ACC7A3A02B90DC920082B0CF /* CacheAsyncImage.swift in Sources */ = {isa = PBXBuildFile; fileRef = ACC7A39F2B90DC920082B0CF /* CacheAsyncImage.swift */; };
		ACC7A3A32B990E600082B0CF /* PokeAPIService.swift in Sources */ = {isa = PBXBuildFile; fileRef = ACC7A3A22B990E600082B0CF /* PokeAPIService.swift */; };
		ACC7A3A52B990EF10082B0CF /* PokeAPIEndpoint.swift in Sources */ = {isa = PBXBuildFile; fileRef = ACC7A3A42B990EF10082B0CF /* PokeAPIEndpoint.swift */; };
		ACC7A3A82B990F4E0082B0CF /* PokemonEndpoint.swift in Sources */ = {isa = PBXBuildFile; fileRef = ACC7A3A72B990F4E0082B0CF /* PokemonEndpoint.swift */; };
		ACC7A3AA2B9910070082B0CF /* PokemonsMetadataResponse.swift in Sources */ = {isa = PBXBuildFile; fileRef = ACC7A3A92B9910070082B0CF /* PokemonsMetadataResponse.swift */; };
		ACC7A3AD2B99119D0082B0CF /* PokemonsView.swift in Sources */ = {isa = PBXBuildFile; fileRef = ACC7A3AC2B99119D0082B0CF /* PokemonsView.swift */; };
		ACC7A3AF2B9912040082B0CF /* PokemonListViewModel.swift in Sources */ = {isa = PBXBuildFile; fileRef = ACC7A3AE2B9912040082B0CF /* PokemonListViewModel.swift */; };
		ACC7A3B12B99501D0082B0CF /* PokemonView.swift in Sources */ = {isa = PBXBuildFile; fileRef = ACC7A3B02B99501D0082B0CF /* PokemonView.swift */; };
		ACC7A3B32B9950BA0082B0CF /* PokemonViewModel.swift in Sources */ = {isa = PBXBuildFile; fileRef = ACC7A3B22B9950BA0082B0CF /* PokemonViewModel.swift */; };
		ACF3CA692B7D34CD00CB0DDB /* LookingGlassUI in Frameworks */ = {isa = PBXBuildFile; productRef = ACF3CA682B7D34CD00CB0DDB /* LookingGlassUI */; };
		ACF3CA712B7EAE3400CB0DDB /* MultiPicker in Frameworks */ = {isa = PBXBuildFile; productRef = ACF3CA702B7EAE3400CB0DDB /* MultiPicker */; };
/* End PBXBuildFile section */

/* Begin PBXContainerItemProxy section */
		AC7C7E2C2B60255C00454F5D /* PBXContainerItemProxy */ = {
			isa = PBXContainerItemProxy;
			containerPortal = AC7C7E122B60255900454F5D /* Project object */;
			proxyType = 1;
			remoteGlobalIDString = AC7C7E192B60255900454F5D;
			remoteInfo = PoKev;
		};
		AC7C7E362B60255C00454F5D /* PBXContainerItemProxy */ = {
			isa = PBXContainerItemProxy;
			containerPortal = AC7C7E122B60255900454F5D /* Project object */;
			proxyType = 1;
			remoteGlobalIDString = AC7C7E192B60255900454F5D;
			remoteInfo = PoKev;
		};
/* End PBXContainerItemProxy section */

/* Begin PBXFileReference section */
		AC1D37462B604F73009161C3 /* SetsEndpoint.swift */ = {isa = PBXFileReference; fileEncoding = 4; lastKnownFileType = sourcecode.swift; path = SetsEndpoint.swift; sourceTree = "<group>"; };
		AC1D37472B604F73009161C3 /* PokemonTCGAPIService.swift */ = {isa = PBXFileReference; fileEncoding = 4; lastKnownFileType = sourcecode.swift; path = PokemonTCGAPIService.swift; sourceTree = "<group>"; };
		AC1D374B2B604F74009161C3 /* RequestMethod.swift */ = {isa = PBXFileReference; fileEncoding = 4; lastKnownFileType = sourcecode.swift; path = RequestMethod.swift; sourceTree = "<group>"; };
		AC1D374C2B604F74009161C3 /* HTTPClient.swift */ = {isa = PBXFileReference; fileEncoding = 4; lastKnownFileType = sourcecode.swift; path = HTTPClient.swift; sourceTree = "<group>"; };
		AC1D374D2B604F74009161C3 /* RequestError.swift */ = {isa = PBXFileReference; fileEncoding = 4; lastKnownFileType = sourcecode.swift; path = RequestError.swift; sourceTree = "<group>"; };
		AC1D374E2B604F74009161C3 /* Endpoint.swift */ = {isa = PBXFileReference; fileEncoding = 4; lastKnownFileType = sourcecode.swift; path = Endpoint.swift; sourceTree = "<group>"; };
		AC1D375D2B604F9C009161C3 /* PokemonTCGEndpoint.swift */ = {isa = PBXFileReference; lastKnownFileType = sourcecode.swift; path = PokemonTCGEndpoint.swift; sourceTree = "<group>"; };
		AC1D37602B605111009161C3 /* PokemonTCGSet.swift */ = {isa = PBXFileReference; lastKnownFileType = sourcecode.swift; path = PokemonTCGSet.swift; sourceTree = "<group>"; };
		AC1D37622B6053A5009161C3 /* PokemonTCGSetsResponse.swift */ = {isa = PBXFileReference; lastKnownFileType = sourcecode.swift; path = PokemonTCGSetsResponse.swift; sourceTree = "<group>"; };
		AC1D37642B60572A009161C3 /* SetsViewModel.swift */ = {isa = PBXFileReference; lastKnownFileType = sourcecode.swift; path = SetsViewModel.swift; sourceTree = "<group>"; };
		AC5D8E392B62AD30008A025A /* CardsEndpoint.swift */ = {isa = PBXFileReference; lastKnownFileType = sourcecode.swift; path = CardsEndpoint.swift; sourceTree = "<group>"; };
		AC5D8E3B2B62AD3A008A025A /* PokemonTCGCard.swift */ = {isa = PBXFileReference; lastKnownFileType = sourcecode.swift; path = PokemonTCGCard.swift; sourceTree = "<group>"; };
		AC5D8E3D2B62AD4C008A025A /* PokemonTCGCardsResponse.swift */ = {isa = PBXFileReference; lastKnownFileType = sourcecode.swift; path = PokemonTCGCardsResponse.swift; sourceTree = "<group>"; };
		AC5D8E3F2B62ADD8008A025A /* PokemonTCGPlayerData.swift */ = {isa = PBXFileReference; lastKnownFileType = sourcecode.swift; path = PokemonTCGPlayerData.swift; sourceTree = "<group>"; };
		AC5D8E442B62FE1F008A025A /* SetView.swift */ = {isa = PBXFileReference; lastKnownFileType = sourcecode.swift; path = SetView.swift; sourceTree = "<group>"; };
		AC5D8E462B62FE31008A025A /* SetViewModel.swift */ = {isa = PBXFileReference; lastKnownFileType = sourcecode.swift; path = SetViewModel.swift; sourceTree = "<group>"; };
		AC5D8E492B669AF1008A025A /* CardsView.swift */ = {isa = PBXFileReference; lastKnownFileType = sourcecode.swift; path = CardsView.swift; sourceTree = "<group>"; };
		AC5D8E4B2B669AFB008A025A /* CardsViewModel.swift */ = {isa = PBXFileReference; lastKnownFileType = sourcecode.swift; path = CardsViewModel.swift; sourceTree = "<group>"; };
		AC5D8E4E2B669B88008A025A /* CardViewModel.swift */ = {isa = PBXFileReference; lastKnownFileType = sourcecode.swift; path = CardViewModel.swift; sourceTree = "<group>"; };
		AC5D8E502B669B91008A025A /* CardView.swift */ = {isa = PBXFileReference; lastKnownFileType = sourcecode.swift; path = CardView.swift; sourceTree = "<group>"; };
		AC5D8E532B66EA20008A025A /* Extensions.swift */ = {isa = PBXFileReference; lastKnownFileType = sourcecode.swift; path = Extensions.swift; sourceTree = "<group>"; };
		AC7C7E1A2B60255A00454F5D /* PoKev.app */ = {isa = PBXFileReference; explicitFileType = wrapper.application; includeInIndex = 0; path = PoKev.app; sourceTree = BUILT_PRODUCTS_DIR; };
		AC7C7E1D2B60255A00454F5D /* PoKevApp.swift */ = {isa = PBXFileReference; lastKnownFileType = sourcecode.swift; path = PoKevApp.swift; sourceTree = "<group>"; };
		AC7C7E1F2B60255A00454F5D /* SetsView.swift */ = {isa = PBXFileReference; lastKnownFileType = sourcecode.swift; path = SetsView.swift; sourceTree = "<group>"; };
		AC7C7E212B60255B00454F5D /* Assets.xcassets */ = {isa = PBXFileReference; lastKnownFileType = folder.assetcatalog; path = Assets.xcassets; sourceTree = "<group>"; };
		AC7C7E232B60255B00454F5D /* PoKev.entitlements */ = {isa = PBXFileReference; lastKnownFileType = text.plist.entitlements; path = PoKev.entitlements; sourceTree = "<group>"; };
		AC7C7E252B60255B00454F5D /* Preview Assets.xcassets */ = {isa = PBXFileReference; lastKnownFileType = folder.assetcatalog; path = "Preview Assets.xcassets"; sourceTree = "<group>"; };
		AC7C7E2B2B60255C00454F5D /* PoKevTests.xctest */ = {isa = PBXFileReference; explicitFileType = wrapper.cfbundle; includeInIndex = 0; path = PoKevTests.xctest; sourceTree = BUILT_PRODUCTS_DIR; };
		AC7C7E2F2B60255C00454F5D /* PoKevTests.swift */ = {isa = PBXFileReference; lastKnownFileType = sourcecode.swift; path = PoKevTests.swift; sourceTree = "<group>"; };
		AC7C7E352B60255C00454F5D /* PoKevUITests.xctest */ = {isa = PBXFileReference; explicitFileType = wrapper.cfbundle; includeInIndex = 0; path = PoKevUITests.xctest; sourceTree = BUILT_PRODUCTS_DIR; };
		AC7C7E392B60255C00454F5D /* PoKevUITests.swift */ = {isa = PBXFileReference; lastKnownFileType = sourcecode.swift; path = PoKevUITests.swift; sourceTree = "<group>"; };
		AC7C7E3B2B60255C00454F5D /* PoKevUITestsLaunchTests.swift */ = {isa = PBXFileReference; lastKnownFileType = sourcecode.swift; path = PoKevUITestsLaunchTests.swift; sourceTree = "<group>"; };
		AC8C4D1B2C440766007603F6 /* Info.plist */ = {isa = PBXFileReference; lastKnownFileType = text.plist.xml; path = Info.plist; sourceTree = "<group>"; };
		AC95D01B2C42BF0F00A6B026 /* CloudKit.framework */ = {isa = PBXFileReference; lastKnownFileType = wrapper.framework; name = CloudKit.framework; path = Platforms/iPhoneOS.platform/Developer/SDKs/iPhoneOS17.5.sdk/System/Library/Frameworks/CloudKit.framework; sourceTree = DEVELOPER_DIR; };
		ACC7A39D2B90C8570082B0CF /* CarouselView.swift */ = {isa = PBXFileReference; lastKnownFileType = sourcecode.swift; path = CarouselView.swift; sourceTree = "<group>"; };
		ACC7A39F2B90DC920082B0CF /* CacheAsyncImage.swift */ = {isa = PBXFileReference; lastKnownFileType = sourcecode.swift; path = CacheAsyncImage.swift; sourceTree = "<group>"; };
		ACC7A3A22B990E600082B0CF /* PokeAPIService.swift */ = {isa = PBXFileReference; lastKnownFileType = sourcecode.swift; path = PokeAPIService.swift; sourceTree = "<group>"; };
		ACC7A3A42B990EF10082B0CF /* PokeAPIEndpoint.swift */ = {isa = PBXFileReference; lastKnownFileType = sourcecode.swift; path = PokeAPIEndpoint.swift; sourceTree = "<group>"; };
		ACC7A3A72B990F4E0082B0CF /* PokemonEndpoint.swift */ = {isa = PBXFileReference; lastKnownFileType = sourcecode.swift; path = PokemonEndpoint.swift; sourceTree = "<group>"; };
		ACC7A3A92B9910070082B0CF /* PokemonsMetadataResponse.swift */ = {isa = PBXFileReference; lastKnownFileType = sourcecode.swift; path = PokemonsMetadataResponse.swift; sourceTree = "<group>"; };
		ACC7A3AC2B99119D0082B0CF /* PokemonsView.swift */ = {isa = PBXFileReference; lastKnownFileType = sourcecode.swift; path = PokemonsView.swift; sourceTree = "<group>"; };
		ACC7A3AE2B9912040082B0CF /* PokemonListViewModel.swift */ = {isa = PBXFileReference; lastKnownFileType = sourcecode.swift; path = PokemonListViewModel.swift; sourceTree = "<group>"; };
		ACC7A3B02B99501D0082B0CF /* PokemonView.swift */ = {isa = PBXFileReference; lastKnownFileType = sourcecode.swift; path = PokemonView.swift; sourceTree = "<group>"; };
		ACC7A3B22B9950BA0082B0CF /* PokemonViewModel.swift */ = {isa = PBXFileReference; lastKnownFileType = sourcecode.swift; path = PokemonViewModel.swift; sourceTree = "<group>"; };
/* End PBXFileReference section */

/* Begin PBXFrameworksBuildPhase section */
		AC7C7E172B60255900454F5D /* Frameworks */ = {
			isa = PBXFrameworksBuildPhase;
			buildActionMask = 2147483647;
			files = (
				AC95D01C2C42BF0F00A6B026 /* CloudKit.framework in Frameworks */,
				ACF3CA712B7EAE3400CB0DDB /* MultiPicker in Frameworks */,
				ACF3CA692B7D34CD00CB0DDB /* LookingGlassUI in Frameworks */,
			);
			runOnlyForDeploymentPostprocessing = 0;
		};
		AC7C7E282B60255C00454F5D /* Frameworks */ = {
			isa = PBXFrameworksBuildPhase;
			buildActionMask = 2147483647;
			files = (
			);
			runOnlyForDeploymentPostprocessing = 0;
		};
		AC7C7E322B60255C00454F5D /* Frameworks */ = {
			isa = PBXFrameworksBuildPhase;
			buildActionMask = 2147483647;
			files = (
			);
			runOnlyForDeploymentPostprocessing = 0;
		};
/* End PBXFrameworksBuildPhase section */

/* Begin PBXGroup section */
		AC1D37422B604F5A009161C3 /* Network Layer */ = {
			isa = PBXGroup;
			children = (
				AC1D374A2B604F73009161C3 /* Base */,
				ACC7A3A12B990B1D0082B0CF /* PokeAPI */,
				AC1D37452B604F73009161C3 /* PokemonTCGAPI */,
			);
			path = "Network Layer";
			sourceTree = "<group>";
		};
		AC1D37452B604F73009161C3 /* PokemonTCGAPI */ = {
			isa = PBXGroup;
			children = (
				AC1D37472B604F73009161C3 /* PokemonTCGAPIService.swift */,
				AC1D375D2B604F9C009161C3 /* PokemonTCGEndpoint.swift */,
				AC5D8E382B62AD08008A025A /* Cards */,
				AC1D375F2B6050FE009161C3 /* Sets */,
			);
			path = PokemonTCGAPI;
			sourceTree = "<group>";
		};
		AC1D374A2B604F73009161C3 /* Base */ = {
			isa = PBXGroup;
			children = (
				AC1D374B2B604F74009161C3 /* RequestMethod.swift */,
				AC1D374C2B604F74009161C3 /* HTTPClient.swift */,
				AC1D374D2B604F74009161C3 /* RequestError.swift */,
				AC1D374E2B604F74009161C3 /* Endpoint.swift */,
			);
			path = Base;
			sourceTree = "<group>";
		};
		AC1D375F2B6050FE009161C3 /* Sets */ = {
			isa = PBXGroup;
			children = (
				AC1D37462B604F73009161C3 /* SetsEndpoint.swift */,
				AC1D37602B605111009161C3 /* PokemonTCGSet.swift */,
				AC1D37622B6053A5009161C3 /* PokemonTCGSetsResponse.swift */,
			);
			path = Sets;
			sourceTree = "<group>";
		};
		AC5D8E382B62AD08008A025A /* Cards */ = {
			isa = PBXGroup;
			children = (
				AC5D8E392B62AD30008A025A /* CardsEndpoint.swift */,
				AC5D8E3B2B62AD3A008A025A /* PokemonTCGCard.swift */,
				AC5D8E3D2B62AD4C008A025A /* PokemonTCGCardsResponse.swift */,
				AC5D8E3F2B62ADD8008A025A /* PokemonTCGPlayerData.swift */,
			);
			path = Cards;
			sourceTree = "<group>";
		};
		AC5D8E412B62FDEF008A025A /* Views */ = {
			isa = PBXGroup;
			children = (
				ACC7A3AB2B99118F0082B0CF /* PokemonList */,
				AC5D8E4D2B669B77008A025A /* Card */,
				AC5D8E482B669AE2008A025A /* Cards */,
				AC5D8E432B62FE0D008A025A /* Set */,
				AC5D8E422B62FE02008A025A /* Sets */,
			);
			path = Views;
			sourceTree = "<group>";
		};
		AC5D8E422B62FE02008A025A /* Sets */ = {
			isa = PBXGroup;
			children = (
				AC7C7E1F2B60255A00454F5D /* SetsView.swift */,
				AC1D37642B60572A009161C3 /* SetsViewModel.swift */,
			);
			path = Sets;
			sourceTree = "<group>";
		};
		AC5D8E432B62FE0D008A025A /* Set */ = {
			isa = PBXGroup;
			children = (
				AC5D8E442B62FE1F008A025A /* SetView.swift */,
				AC5D8E462B62FE31008A025A /* SetViewModel.swift */,
			);
			path = Set;
			sourceTree = "<group>";
		};
		AC5D8E482B669AE2008A025A /* Cards */ = {
			isa = PBXGroup;
			children = (
				AC5D8E492B669AF1008A025A /* CardsView.swift */,
				AC5D8E4B2B669AFB008A025A /* CardsViewModel.swift */,
				ACC7A39D2B90C8570082B0CF /* CarouselView.swift */,
			);
			path = Cards;
			sourceTree = "<group>";
		};
		AC5D8E4D2B669B77008A025A /* Card */ = {
			isa = PBXGroup;
			children = (
				AC5D8E502B669B91008A025A /* CardView.swift */,
				AC5D8E4E2B669B88008A025A /* CardViewModel.swift */,
			);
			path = Card;
			sourceTree = "<group>";
		};
		AC5D8E522B66E9E5008A025A /* Utils */ = {
			isa = PBXGroup;
			children = (
				ACC7A39F2B90DC920082B0CF /* CacheAsyncImage.swift */,
				AC5D8E532B66EA20008A025A /* Extensions.swift */,
			);
			path = Utils;
			sourceTree = "<group>";
		};
		AC7C7E112B60255900454F5D = {
			isa = PBXGroup;
			children = (
				AC7C7E1C2B60255A00454F5D /* PoKev */,
				AC7C7E2E2B60255C00454F5D /* PoKevTests */,
				AC7C7E382B60255C00454F5D /* PoKevUITests */,
				AC7C7E1B2B60255A00454F5D /* Products */,
				AC95D01A2C42BF0F00A6B026 /* Frameworks */,
			);
			sourceTree = "<group>";
		};
		AC7C7E1B2B60255A00454F5D /* Products */ = {
			isa = PBXGroup;
			children = (
				AC7C7E1A2B60255A00454F5D /* PoKev.app */,
				AC7C7E2B2B60255C00454F5D /* PoKevTests.xctest */,
				AC7C7E352B60255C00454F5D /* PoKevUITests.xctest */,
			);
			name = Products;
			sourceTree = "<group>";
		};
		AC7C7E1C2B60255A00454F5D /* PoKev */ = {
			isa = PBXGroup;
			children = (
				AC8C4D1B2C440766007603F6 /* Info.plist */,
				AC7C7E1D2B60255A00454F5D /* PoKevApp.swift */,
				AC1D37422B604F5A009161C3 /* Network Layer */,
				AC5D8E412B62FDEF008A025A /* Views */,
				AC5D8E522B66E9E5008A025A /* Utils */,
				AC7C7E212B60255B00454F5D /* Assets.xcassets */,
				AC7C7E232B60255B00454F5D /* PoKev.entitlements */,
				AC7C7E242B60255B00454F5D /* Preview Content */,
			);
			path = PoKev;
			sourceTree = "<group>";
		};
		AC7C7E242B60255B00454F5D /* Preview Content */ = {
			isa = PBXGroup;
			children = (
				AC7C7E252B60255B00454F5D /* Preview Assets.xcassets */,
			);
			path = "Preview Content";
			sourceTree = "<group>";
		};
		AC7C7E2E2B60255C00454F5D /* PoKevTests */ = {
			isa = PBXGroup;
			children = (
				AC7C7E2F2B60255C00454F5D /* PoKevTests.swift */,
			);
			path = PoKevTests;
			sourceTree = "<group>";
		};
		AC7C7E382B60255C00454F5D /* PoKevUITests */ = {
			isa = PBXGroup;
			children = (
				AC7C7E392B60255C00454F5D /* PoKevUITests.swift */,
				AC7C7E3B2B60255C00454F5D /* PoKevUITestsLaunchTests.swift */,
			);
			path = PoKevUITests;
			sourceTree = "<group>";
		};
		AC95D01A2C42BF0F00A6B026 /* Frameworks */ = {
			isa = PBXGroup;
			children = (
				AC95D01B2C42BF0F00A6B026 /* CloudKit.framework */,
			);
			name = Frameworks;
			sourceTree = "<group>";
		};
		ACC7A3A12B990B1D0082B0CF /* PokeAPI */ = {
			isa = PBXGroup;
			children = (
				ACC7A3A22B990E600082B0CF /* PokeAPIService.swift */,
				ACC7A3A42B990EF10082B0CF /* PokeAPIEndpoint.swift */,
				ACC7A3A62B990F2F0082B0CF /* Pokemon */,
			);
			path = PokeAPI;
			sourceTree = "<group>";
		};
		ACC7A3A62B990F2F0082B0CF /* Pokemon */ = {
			isa = PBXGroup;
			children = (
				ACC7A3A72B990F4E0082B0CF /* PokemonEndpoint.swift */,
				ACC7A3A92B9910070082B0CF /* PokemonsMetadataResponse.swift */,
			);
			path = Pokemon;
			sourceTree = "<group>";
		};
		ACC7A3AB2B99118F0082B0CF /* PokemonList */ = {
			isa = PBXGroup;
			children = (
				ACC7A3B02B99501D0082B0CF /* PokemonView.swift */,
				ACC7A3B22B9950BA0082B0CF /* PokemonViewModel.swift */,
				ACC7A3AC2B99119D0082B0CF /* PokemonsView.swift */,
				ACC7A3AE2B9912040082B0CF /* PokemonListViewModel.swift */,
			);
			path = PokemonList;
			sourceTree = "<group>";
		};
/* End PBXGroup section */

/* Begin PBXNativeTarget section */
		AC7C7E192B60255900454F5D /* PoKev */ = {
			isa = PBXNativeTarget;
			buildConfigurationList = AC7C7E3F2B60255C00454F5D /* Build configuration list for PBXNativeTarget "PoKev" */;
			buildPhases = (
				AC7C7E162B60255900454F5D /* Sources */,
				AC7C7E172B60255900454F5D /* Frameworks */,
				AC7C7E182B60255900454F5D /* Resources */,
			);
			buildRules = (
			);
			dependencies = (
			);
			name = PoKev;
			packageProductDependencies = (
				ACF3CA682B7D34CD00CB0DDB /* LookingGlassUI */,
				ACF3CA702B7EAE3400CB0DDB /* MultiPicker */,
			);
			productName = PoKev;
			productReference = AC7C7E1A2B60255A00454F5D /* PoKev.app */;
			productType = "com.apple.product-type.application";
		};
		AC7C7E2A2B60255C00454F5D /* PoKevTests */ = {
			isa = PBXNativeTarget;
			buildConfigurationList = AC7C7E422B60255C00454F5D /* Build configuration list for PBXNativeTarget "PoKevTests" */;
			buildPhases = (
				AC7C7E272B60255C00454F5D /* Sources */,
				AC7C7E282B60255C00454F5D /* Frameworks */,
				AC7C7E292B60255C00454F5D /* Resources */,
			);
			buildRules = (
			);
			dependencies = (
				AC7C7E2D2B60255C00454F5D /* PBXTargetDependency */,
			);
			name = PoKevTests;
			productName = PoKevTests;
			productReference = AC7C7E2B2B60255C00454F5D /* PoKevTests.xctest */;
			productType = "com.apple.product-type.bundle.unit-test";
		};
		AC7C7E342B60255C00454F5D /* PoKevUITests */ = {
			isa = PBXNativeTarget;
			buildConfigurationList = AC7C7E452B60255C00454F5D /* Build configuration list for PBXNativeTarget "PoKevUITests" */;
			buildPhases = (
				AC7C7E312B60255C00454F5D /* Sources */,
				AC7C7E322B60255C00454F5D /* Frameworks */,
				AC7C7E332B60255C00454F5D /* Resources */,
			);
			buildRules = (
			);
			dependencies = (
				AC7C7E372B60255C00454F5D /* PBXTargetDependency */,
			);
			name = PoKevUITests;
			productName = PoKevUITests;
			productReference = AC7C7E352B60255C00454F5D /* PoKevUITests.xctest */;
			productType = "com.apple.product-type.bundle.ui-testing";
		};
/* End PBXNativeTarget section */

/* Begin PBXProject section */
		AC7C7E122B60255900454F5D /* Project object */ = {
			isa = PBXProject;
			attributes = {
				BuildIndependentTargetsInParallel = 1;
				LastSwiftUpdateCheck = 1520;
				LastUpgradeCheck = 1540;
				TargetAttributes = {
					AC7C7E192B60255900454F5D = {
						CreatedOnToolsVersion = 15.2;
					};
					AC7C7E2A2B60255C00454F5D = {
						CreatedOnToolsVersion = 15.2;
						TestTargetID = AC7C7E192B60255900454F5D;
					};
					AC7C7E342B60255C00454F5D = {
						CreatedOnToolsVersion = 15.2;
						TestTargetID = AC7C7E192B60255900454F5D;
					};
				};
			};
			buildConfigurationList = AC7C7E152B60255900454F5D /* Build configuration list for PBXProject "PoKev" */;
			compatibilityVersion = "Xcode 14.0";
			developmentRegion = en;
			hasScannedForEncodings = 0;
			knownRegions = (
				en,
				Base,
			);
			mainGroup = AC7C7E112B60255900454F5D;
			packageReferences = (
				ACF3CA672B7D34CD00CB0DDB /* XCRemoteSwiftPackageReference "LookingGlassUI" */,
				ACF3CA6F2B7EAE3400CB0DDB /* XCRemoteSwiftPackageReference "MultiPicker" */,
			);
			productRefGroup = AC7C7E1B2B60255A00454F5D /* Products */;
			projectDirPath = "";
			projectRoot = "";
			targets = (
				AC7C7E192B60255900454F5D /* PoKev */,
				AC7C7E2A2B60255C00454F5D /* PoKevTests */,
				AC7C7E342B60255C00454F5D /* PoKevUITests */,
			);
		};
/* End PBXProject section */

/* Begin PBXResourcesBuildPhase section */
		AC7C7E182B60255900454F5D /* Resources */ = {
			isa = PBXResourcesBuildPhase;
			buildActionMask = 2147483647;
			files = (
				AC7C7E262B60255B00454F5D /* Preview Assets.xcassets in Resources */,
				AC7C7E222B60255B00454F5D /* Assets.xcassets in Resources */,
			);
			runOnlyForDeploymentPostprocessing = 0;
		};
		AC7C7E292B60255C00454F5D /* Resources */ = {
			isa = PBXResourcesBuildPhase;
			buildActionMask = 2147483647;
			files = (
			);
			runOnlyForDeploymentPostprocessing = 0;
		};
		AC7C7E332B60255C00454F5D /* Resources */ = {
			isa = PBXResourcesBuildPhase;
			buildActionMask = 2147483647;
			files = (
			);
			runOnlyForDeploymentPostprocessing = 0;
		};
/* End PBXResourcesBuildPhase section */

/* Begin PBXSourcesBuildPhase section */
		AC7C7E162B60255900454F5D /* Sources */ = {
			isa = PBXSourcesBuildPhase;
			buildActionMask = 2147483647;
			files = (
				AC5D8E3C2B62AD3A008A025A /* PokemonTCGCard.swift in Sources */,
				AC5D8E542B66EA20008A025A /* Extensions.swift in Sources */,
				AC1D37612B605111009161C3 /* PokemonTCGSet.swift in Sources */,
				AC1D37542B604F74009161C3 /* PokemonTCGAPIService.swift in Sources */,
				AC5D8E452B62FE1F008A025A /* SetView.swift in Sources */,
				AC5D8E402B62ADD8008A025A /* PokemonTCGPlayerData.swift in Sources */,
				ACC7A39E2B90C8570082B0CF /* CarouselView.swift in Sources */,
				AC7C7E202B60255A00454F5D /* SetsView.swift in Sources */,
				AC1D37592B604F74009161C3 /* RequestError.swift in Sources */,
				AC1D37532B604F74009161C3 /* SetsEndpoint.swift in Sources */,
				AC7C7E1E2B60255A00454F5D /* PoKevApp.swift in Sources */,
				ACC7A3A82B990F4E0082B0CF /* PokemonEndpoint.swift in Sources */,
				AC5D8E4A2B669AF1008A025A /* CardsView.swift in Sources */,
				ACC7A3A32B990E600082B0CF /* PokeAPIService.swift in Sources */,
				AC1D375E2B604F9C009161C3 /* PokemonTCGEndpoint.swift in Sources */,
				AC5D8E3A2B62AD30008A025A /* CardsEndpoint.swift in Sources */,
				ACC7A3A52B990EF10082B0CF /* PokeAPIEndpoint.swift in Sources */,
				ACC7A3AD2B99119D0082B0CF /* PokemonsView.swift in Sources */,
				ACC7A3AF2B9912040082B0CF /* PokemonListViewModel.swift in Sources */,
				AC5D8E4C2B669AFB008A025A /* CardsViewModel.swift in Sources */,
				ACC7A3AA2B9910070082B0CF /* PokemonsMetadataResponse.swift in Sources */,
				AC1D37652B60572A009161C3 /* SetsViewModel.swift in Sources */,
				AC5D8E3E2B62AD4C008A025A /* PokemonTCGCardsResponse.swift in Sources */,
				AC1D37572B604F74009161C3 /* RequestMethod.swift in Sources */,
				ACC7A3B12B99501D0082B0CF /* PokemonView.swift in Sources */,
				AC1D37582B604F74009161C3 /* HTTPClient.swift in Sources */,
				AC1D37632B6053A5009161C3 /* PokemonTCGSetsResponse.swift in Sources */,
				AC1D375A2B604F74009161C3 /* Endpoint.swift in Sources */,
				AC5D8E472B62FE31008A025A /* SetViewModel.swift in Sources */,
				ACC7A3B32B9950BA0082B0CF /* PokemonViewModel.swift in Sources */,
				AC5D8E512B669B91008A025A /* CardView.swift in Sources */,
				AC5D8E4F2B669B88008A025A /* CardViewModel.swift in Sources */,
				ACC7A3A02B90DC920082B0CF /* CacheAsyncImage.swift in Sources */,
			);
			runOnlyForDeploymentPostprocessing = 0;
		};
		AC7C7E272B60255C00454F5D /* Sources */ = {
			isa = PBXSourcesBuildPhase;
			buildActionMask = 2147483647;
			files = (
				AC7C7E302B60255C00454F5D /* PoKevTests.swift in Sources */,
			);
			runOnlyForDeploymentPostprocessing = 0;
		};
		AC7C7E312B60255C00454F5D /* Sources */ = {
			isa = PBXSourcesBuildPhase;
			buildActionMask = 2147483647;
			files = (
				AC7C7E3C2B60255C00454F5D /* PoKevUITestsLaunchTests.swift in Sources */,
				AC7C7E3A2B60255C00454F5D /* PoKevUITests.swift in Sources */,
			);
			runOnlyForDeploymentPostprocessing = 0;
		};
/* End PBXSourcesBuildPhase section */

/* Begin PBXTargetDependency section */
		AC7C7E2D2B60255C00454F5D /* PBXTargetDependency */ = {
			isa = PBXTargetDependency;
			target = AC7C7E192B60255900454F5D /* PoKev */;
			targetProxy = AC7C7E2C2B60255C00454F5D /* PBXContainerItemProxy */;
		};
		AC7C7E372B60255C00454F5D /* PBXTargetDependency */ = {
			isa = PBXTargetDependency;
			target = AC7C7E192B60255900454F5D /* PoKev */;
			targetProxy = AC7C7E362B60255C00454F5D /* PBXContainerItemProxy */;
		};
/* End PBXTargetDependency section */

/* Begin XCBuildConfiguration section */
		AC7C7E3D2B60255C00454F5D /* Debug */ = {
			isa = XCBuildConfiguration;
			buildSettings = {
				ALLOW_TARGET_PLATFORM_SPECIALIZATION = YES;
				ALWAYS_SEARCH_USER_PATHS = NO;
				ASSETCATALOG_COMPILER_GENERATE_SWIFT_ASSET_SYMBOL_EXTENSIONS = YES;
				CLANG_ANALYZER_NONNULL = YES;
				CLANG_ANALYZER_NUMBER_OBJECT_CONVERSION = YES_AGGRESSIVE;
				CLANG_CXX_LANGUAGE_STANDARD = "gnu++20";
				CLANG_ENABLE_MODULES = YES;
				CLANG_ENABLE_OBJC_ARC = YES;
				CLANG_ENABLE_OBJC_WEAK = YES;
				CLANG_WARN_BLOCK_CAPTURE_AUTORELEASING = YES;
				CLANG_WARN_BOOL_CONVERSION = YES;
				CLANG_WARN_COMMA = YES;
				CLANG_WARN_CONSTANT_CONVERSION = YES;
				CLANG_WARN_DEPRECATED_OBJC_IMPLEMENTATIONS = YES;
				CLANG_WARN_DIRECT_OBJC_ISA_USAGE = YES_ERROR;
				CLANG_WARN_DOCUMENTATION_COMMENTS = YES;
				CLANG_WARN_EMPTY_BODY = YES;
				CLANG_WARN_ENUM_CONVERSION = YES;
				CLANG_WARN_INFINITE_RECURSION = YES;
				CLANG_WARN_INT_CONVERSION = YES;
				CLANG_WARN_NON_LITERAL_NULL_CONVERSION = YES;
				CLANG_WARN_OBJC_IMPLICIT_RETAIN_SELF = YES;
				CLANG_WARN_OBJC_LITERAL_CONVERSION = YES;
				CLANG_WARN_OBJC_ROOT_CLASS = YES_ERROR;
				CLANG_WARN_QUOTED_INCLUDE_IN_FRAMEWORK_HEADER = YES;
				CLANG_WARN_RANGE_LOOP_ANALYSIS = YES;
				CLANG_WARN_STRICT_PROTOTYPES = YES;
				CLANG_WARN_SUSPICIOUS_MOVE = YES;
				CLANG_WARN_UNGUARDED_AVAILABILITY = YES_AGGRESSIVE;
				CLANG_WARN_UNREACHABLE_CODE = YES;
				CLANG_WARN__DUPLICATE_METHOD_MATCH = YES;
				COPY_PHASE_STRIP = NO;
				DEAD_CODE_STRIPPING = YES;
				DEBUG_INFORMATION_FORMAT = dwarf;
				ENABLE_STRICT_OBJC_MSGSEND = YES;
				ENABLE_TESTABILITY = YES;
				ENABLE_USER_SCRIPT_SANDBOXING = YES;
				GCC_C_LANGUAGE_STANDARD = gnu17;
				GCC_DYNAMIC_NO_PIC = NO;
				GCC_NO_COMMON_BLOCKS = YES;
				GCC_OPTIMIZATION_LEVEL = 0;
				GCC_PREPROCESSOR_DEFINITIONS = (
					"DEBUG=1",
					"$(inherited)",
				);
				GCC_WARN_64_TO_32_BIT_CONVERSION = YES;
				GCC_WARN_ABOUT_RETURN_TYPE = YES_ERROR;
				GCC_WARN_UNDECLARED_SELECTOR = YES;
				GCC_WARN_UNINITIALIZED_AUTOS = YES_AGGRESSIVE;
				GCC_WARN_UNUSED_FUNCTION = YES;
				GCC_WARN_UNUSED_VARIABLE = YES;
				IPHONEOS_DEPLOYMENT_TARGET = 17.2;
				LOCALIZATION_PREFERS_STRING_CATALOGS = YES;
				MTL_ENABLE_DEBUG_INFO = INCLUDE_SOURCE;
				MTL_FAST_MATH = YES;
				ONLY_ACTIVE_ARCH = YES;
				SDKROOT = iphoneos;
				SUPPORTED_PLATFORMS = "iphonesimulator iphoneos";
				SUPPORTS_MACCATALYST = YES;
				SWIFT_ACTIVE_COMPILATION_CONDITIONS = "DEBUG $(inherited)";
				SWIFT_OPTIMIZATION_LEVEL = "-Onone";
			};
			name = Debug;
		};
		AC7C7E3E2B60255C00454F5D /* Release */ = {
			isa = XCBuildConfiguration;
			buildSettings = {
				ALLOW_TARGET_PLATFORM_SPECIALIZATION = YES;
				ALWAYS_SEARCH_USER_PATHS = NO;
				ASSETCATALOG_COMPILER_GENERATE_SWIFT_ASSET_SYMBOL_EXTENSIONS = YES;
				CLANG_ANALYZER_NONNULL = YES;
				CLANG_ANALYZER_NUMBER_OBJECT_CONVERSION = YES_AGGRESSIVE;
				CLANG_CXX_LANGUAGE_STANDARD = "gnu++20";
				CLANG_ENABLE_MODULES = YES;
				CLANG_ENABLE_OBJC_ARC = YES;
				CLANG_ENABLE_OBJC_WEAK = YES;
				CLANG_WARN_BLOCK_CAPTURE_AUTORELEASING = YES;
				CLANG_WARN_BOOL_CONVERSION = YES;
				CLANG_WARN_COMMA = YES;
				CLANG_WARN_CONSTANT_CONVERSION = YES;
				CLANG_WARN_DEPRECATED_OBJC_IMPLEMENTATIONS = YES;
				CLANG_WARN_DIRECT_OBJC_ISA_USAGE = YES_ERROR;
				CLANG_WARN_DOCUMENTATION_COMMENTS = YES;
				CLANG_WARN_EMPTY_BODY = YES;
				CLANG_WARN_ENUM_CONVERSION = YES;
				CLANG_WARN_INFINITE_RECURSION = YES;
				CLANG_WARN_INT_CONVERSION = YES;
				CLANG_WARN_NON_LITERAL_NULL_CONVERSION = YES;
				CLANG_WARN_OBJC_IMPLICIT_RETAIN_SELF = YES;
				CLANG_WARN_OBJC_LITERAL_CONVERSION = YES;
				CLANG_WARN_OBJC_ROOT_CLASS = YES_ERROR;
				CLANG_WARN_QUOTED_INCLUDE_IN_FRAMEWORK_HEADER = YES;
				CLANG_WARN_RANGE_LOOP_ANALYSIS = YES;
				CLANG_WARN_STRICT_PROTOTYPES = YES;
				CLANG_WARN_SUSPICIOUS_MOVE = YES;
				CLANG_WARN_UNGUARDED_AVAILABILITY = YES_AGGRESSIVE;
				CLANG_WARN_UNREACHABLE_CODE = YES;
				CLANG_WARN__DUPLICATE_METHOD_MATCH = YES;
				COPY_PHASE_STRIP = NO;
				DEAD_CODE_STRIPPING = YES;
				DEBUG_INFORMATION_FORMAT = "dwarf-with-dsym";
				ENABLE_NS_ASSERTIONS = NO;
				ENABLE_STRICT_OBJC_MSGSEND = YES;
				ENABLE_USER_SCRIPT_SANDBOXING = YES;
				GCC_C_LANGUAGE_STANDARD = gnu17;
				GCC_NO_COMMON_BLOCKS = YES;
				GCC_WARN_64_TO_32_BIT_CONVERSION = YES;
				GCC_WARN_ABOUT_RETURN_TYPE = YES_ERROR;
				GCC_WARN_UNDECLARED_SELECTOR = YES;
				GCC_WARN_UNINITIALIZED_AUTOS = YES_AGGRESSIVE;
				GCC_WARN_UNUSED_FUNCTION = YES;
				GCC_WARN_UNUSED_VARIABLE = YES;
				IPHONEOS_DEPLOYMENT_TARGET = 17.2;
				LOCALIZATION_PREFERS_STRING_CATALOGS = YES;
				MTL_ENABLE_DEBUG_INFO = NO;
				MTL_FAST_MATH = YES;
				SDKROOT = iphoneos;
				SUPPORTED_PLATFORMS = "iphonesimulator iphoneos";
				SUPPORTS_MACCATALYST = YES;
				SWIFT_COMPILATION_MODE = wholemodule;
			};
			name = Release;
		};
		AC7C7E402B60255C00454F5D /* Debug */ = {
			isa = XCBuildConfiguration;
			buildSettings = {
				ASSETCATALOG_COMPILER_APPICON_NAME = AppIcon;
				ASSETCATALOG_COMPILER_GLOBAL_ACCENT_COLOR_NAME = AccentColor;
				CODE_SIGN_ENTITLEMENTS = PoKev/PoKev.entitlements;
				CODE_SIGN_IDENTITY = "Apple Development";
				CODE_SIGN_STYLE = Automatic;
				CURRENT_PROJECT_VERSION = 1;
				DEAD_CODE_STRIPPING = YES;
				DEVELOPMENT_ASSET_PATHS = "\"PoKev/Preview Content\"";
				DEVELOPMENT_TEAM = 95LYAZ53V9;
				ENABLE_HARDENED_RUNTIME = YES;
				ENABLE_PREVIEWS = YES;
				GENERATE_INFOPLIST_FILE = YES;
				INFOPLIST_FILE = PoKev/Info.plist;
				INFOPLIST_KEY_LSApplicationCategoryType = "public.app-category.card-games";
				"INFOPLIST_KEY_UIApplicationSceneManifest_Generation[sdk=iphoneos*]" = YES;
				"INFOPLIST_KEY_UIApplicationSceneManifest_Generation[sdk=iphonesimulator*]" = YES;
				"INFOPLIST_KEY_UIApplicationSupportsIndirectInputEvents[sdk=iphoneos*]" = YES;
				"INFOPLIST_KEY_UIApplicationSupportsIndirectInputEvents[sdk=iphonesimulator*]" = YES;
				"INFOPLIST_KEY_UILaunchScreen_Generation[sdk=iphoneos*]" = YES;
				"INFOPLIST_KEY_UILaunchScreen_Generation[sdk=iphonesimulator*]" = YES;
				"INFOPLIST_KEY_UIStatusBarStyle[sdk=iphoneos*]" = UIStatusBarStyleDefault;
				"INFOPLIST_KEY_UIStatusBarStyle[sdk=iphonesimulator*]" = UIStatusBarStyleDefault;
				INFOPLIST_KEY_UISupportedInterfaceOrientations = UIInterfaceOrientationPortrait;
				INFOPLIST_KEY_UISupportedInterfaceOrientations_iPad = "UIInterfaceOrientationLandscapeLeft UIInterfaceOrientationLandscapeRight UIInterfaceOrientationPortrait UIInterfaceOrientationPortraitUpsideDown";
				IPHONEOS_DEPLOYMENT_TARGET = 17.2;
				LD_RUNPATH_SEARCH_PATHS = "@executable_path/Frameworks";
				"LD_RUNPATH_SEARCH_PATHS[sdk=macosx*]" = "@executable_path/../Frameworks";
				MACOSX_DEPLOYMENT_TARGET = 14.2;
				MARKETING_VERSION = 1.0;
				PRODUCT_BUNDLE_IDENTIFIER = com.kokal.pokev;
				PRODUCT_NAME = "$(TARGET_NAME)";
				PROVISIONING_PROFILE_SPECIFIER = "";
				SDKROOT = iphoneos;
				SUPPORTED_PLATFORMS = "iphoneos iphonesimulator";
				SUPPORTS_MACCATALYST = NO;
				SUPPORTS_MAC_DESIGNED_FOR_IPHONE_IPAD = NO;
				SUPPORTS_XR_DESIGNED_FOR_IPHONE_IPAD = NO;
				SWIFT_EMIT_LOC_STRINGS = YES;
				SWIFT_VERSION = 5.0;
				TARGETED_DEVICE_FAMILY = 1;
			};
			name = Debug;
		};
		AC7C7E412B60255C00454F5D /* Release */ = {
			isa = XCBuildConfiguration;
			buildSettings = {
				ASSETCATALOG_COMPILER_APPICON_NAME = AppIcon;
				ASSETCATALOG_COMPILER_GLOBAL_ACCENT_COLOR_NAME = AccentColor;
				CODE_SIGN_ENTITLEMENTS = PoKev/PoKev.entitlements;
				CODE_SIGN_IDENTITY = "Apple Development";
				CODE_SIGN_STYLE = Automatic;
				CURRENT_PROJECT_VERSION = 1;
				DEAD_CODE_STRIPPING = YES;
				DEVELOPMENT_ASSET_PATHS = "\"PoKev/Preview Content\"";
				DEVELOPMENT_TEAM = 95LYAZ53V9;
				ENABLE_HARDENED_RUNTIME = YES;
				ENABLE_PREVIEWS = YES;
				GENERATE_INFOPLIST_FILE = YES;
				INFOPLIST_FILE = "";
				INFOPLIST_KEY_LSApplicationCategoryType = "public.app-category.card-games";
				"INFOPLIST_KEY_UIApplicationSceneManifest_Generation[sdk=iphoneos*]" = YES;
				"INFOPLIST_KEY_UIApplicationSceneManifest_Generation[sdk=iphonesimulator*]" = YES;
				"INFOPLIST_KEY_UIApplicationSupportsIndirectInputEvents[sdk=iphoneos*]" = YES;
				"INFOPLIST_KEY_UIApplicationSupportsIndirectInputEvents[sdk=iphonesimulator*]" = YES;
				"INFOPLIST_KEY_UILaunchScreen_Generation[sdk=iphoneos*]" = YES;
				"INFOPLIST_KEY_UILaunchScreen_Generation[sdk=iphonesimulator*]" = YES;
				"INFOPLIST_KEY_UIStatusBarStyle[sdk=iphoneos*]" = UIStatusBarStyleDefault;
				"INFOPLIST_KEY_UIStatusBarStyle[sdk=iphonesimulator*]" = UIStatusBarStyleDefault;
				INFOPLIST_KEY_UISupportedInterfaceOrientations = UIInterfaceOrientationPortrait;
				INFOPLIST_KEY_UISupportedInterfaceOrientations_iPad = "UIInterfaceOrientationLandscapeLeft UIInterfaceOrientationLandscapeRight UIInterfaceOrientationPortrait UIInterfaceOrientationPortraitUpsideDown";
				IPHONEOS_DEPLOYMENT_TARGET = 17.2;
				LD_RUNPATH_SEARCH_PATHS = "@executable_path/Frameworks";
				"LD_RUNPATH_SEARCH_PATHS[sdk=macosx*]" = "@executable_path/../Frameworks";
				MACOSX_DEPLOYMENT_TARGET = 14.2;
				MARKETING_VERSION = 1.0;
				PRODUCT_BUNDLE_IDENTIFIER = com.kokal.pokev;
				PRODUCT_NAME = "$(TARGET_NAME)";
				PROVISIONING_PROFILE_SPECIFIER = "";
				SDKROOT = iphoneos;
				SUPPORTED_PLATFORMS = "iphoneos iphonesimulator";
				SUPPORTS_MACCATALYST = NO;
				SUPPORTS_MAC_DESIGNED_FOR_IPHONE_IPAD = NO;
				SUPPORTS_XR_DESIGNED_FOR_IPHONE_IPAD = NO;
				SWIFT_EMIT_LOC_STRINGS = YES;
				SWIFT_VERSION = 5.0;
				TARGETED_DEVICE_FAMILY = 1;
			};
			name = Release;
		};
		AC7C7E432B60255C00454F5D /* Debug */ = {
			isa = XCBuildConfiguration;
			buildSettings = {
				ALWAYS_EMBED_SWIFT_STANDARD_LIBRARIES = YES;
				BUNDLE_LOADER = "$(TEST_HOST)";
				CODE_SIGN_STYLE = Automatic;
				CURRENT_PROJECT_VERSION = 1;
				DEAD_CODE_STRIPPING = YES;
				GENERATE_INFOPLIST_FILE = YES;
				IPHONEOS_DEPLOYMENT_TARGET = 17.2;
				MACOSX_DEPLOYMENT_TARGET = 14.2;
				MARKETING_VERSION = 1.0;
				PRODUCT_BUNDLE_IDENTIFIER = com.PoKevTests;
				PRODUCT_NAME = "$(TARGET_NAME)";
				SDKROOT = iphoneos;
				SUPPORTED_PLATFORMS = "iphonesimulator iphoneos";
				SWIFT_EMIT_LOC_STRINGS = NO;
				SWIFT_VERSION = 5.0;
				TARGETED_DEVICE_FAMILY = "1,2";
				TEST_HOST = "$(BUILT_PRODUCTS_DIR)/PoKev.app/$(BUNDLE_EXECUTABLE_FOLDER_PATH)/PoKev";
			};
			name = Debug;
		};
		AC7C7E442B60255C00454F5D /* Release */ = {
			isa = XCBuildConfiguration;
			buildSettings = {
				ALWAYS_EMBED_SWIFT_STANDARD_LIBRARIES = YES;
				BUNDLE_LOADER = "$(TEST_HOST)";
				CODE_SIGN_STYLE = Automatic;
				CURRENT_PROJECT_VERSION = 1;
				DEAD_CODE_STRIPPING = YES;
				GENERATE_INFOPLIST_FILE = YES;
				IPHONEOS_DEPLOYMENT_TARGET = 17.2;
				MACOSX_DEPLOYMENT_TARGET = 14.2;
				MARKETING_VERSION = 1.0;
				PRODUCT_BUNDLE_IDENTIFIER = com.PoKevTests;
				PRODUCT_NAME = "$(TARGET_NAME)";
				SDKROOT = iphoneos;
				SUPPORTED_PLATFORMS = "iphonesimulator iphoneos";
				SWIFT_EMIT_LOC_STRINGS = NO;
				SWIFT_VERSION = 5.0;
				TARGETED_DEVICE_FAMILY = "1,2";
				TEST_HOST = "$(BUILT_PRODUCTS_DIR)/PoKev.app/$(BUNDLE_EXECUTABLE_FOLDER_PATH)/PoKev";
			};
			name = Release;
		};
		AC7C7E462B60255C00454F5D /* Debug */ = {
			isa = XCBuildConfiguration;
			buildSettings = {
				ALWAYS_EMBED_SWIFT_STANDARD_LIBRARIES = YES;
				CODE_SIGN_STYLE = Automatic;
				CURRENT_PROJECT_VERSION = 1;
				DEAD_CODE_STRIPPING = YES;
				GENERATE_INFOPLIST_FILE = YES;
				IPHONEOS_DEPLOYMENT_TARGET = 17.2;
				MACOSX_DEPLOYMENT_TARGET = 14.2;
				MARKETING_VERSION = 1.0;
				PRODUCT_BUNDLE_IDENTIFIER = com.PoKevUITests;
				PRODUCT_NAME = "$(TARGET_NAME)";
				SDKROOT = iphoneos;
				SUPPORTED_PLATFORMS = "iphonesimulator iphoneos";
				SWIFT_EMIT_LOC_STRINGS = NO;
				SWIFT_VERSION = 5.0;
				TARGETED_DEVICE_FAMILY = "1,2";
				TEST_TARGET_NAME = PoKev;
			};
			name = Debug;
		};
		AC7C7E472B60255C00454F5D /* Release */ = {
			isa = XCBuildConfiguration;
			buildSettings = {
				ALWAYS_EMBED_SWIFT_STANDARD_LIBRARIES = YES;
				CODE_SIGN_STYLE = Automatic;
				CURRENT_PROJECT_VERSION = 1;
				DEAD_CODE_STRIPPING = YES;
				GENERATE_INFOPLIST_FILE = YES;
				IPHONEOS_DEPLOYMENT_TARGET = 17.2;
				MACOSX_DEPLOYMENT_TARGET = 14.2;
				MARKETING_VERSION = 1.0;
				PRODUCT_BUNDLE_IDENTIFIER = com.PoKevUITests;
				PRODUCT_NAME = "$(TARGET_NAME)";
				SDKROOT = iphoneos;
				SUPPORTED_PLATFORMS = "iphonesimulator iphoneos";
				SWIFT_EMIT_LOC_STRINGS = NO;
				SWIFT_VERSION = 5.0;
				TARGETED_DEVICE_FAMILY = "1,2";
				TEST_TARGET_NAME = PoKev;
			};
			name = Release;
		};
/* End XCBuildConfiguration section */

/* Begin XCConfigurationList section */
		AC7C7E152B60255900454F5D /* Build configuration list for PBXProject "PoKev" */ = {
			isa = XCConfigurationList;
			buildConfigurations = (
				AC7C7E3D2B60255C00454F5D /* Debug */,
				AC7C7E3E2B60255C00454F5D /* Release */,
			);
			defaultConfigurationIsVisible = 0;
			defaultConfigurationName = Release;
		};
		AC7C7E3F2B60255C00454F5D /* Build configuration list for PBXNativeTarget "PoKev" */ = {
			isa = XCConfigurationList;
			buildConfigurations = (
				AC7C7E402B60255C00454F5D /* Debug */,
				AC7C7E412B60255C00454F5D /* Release */,
			);
			defaultConfigurationIsVisible = 0;
			defaultConfigurationName = Release;
		};
		AC7C7E422B60255C00454F5D /* Build configuration list for PBXNativeTarget "PoKevTests" */ = {
			isa = XCConfigurationList;
			buildConfigurations = (
				AC7C7E432B60255C00454F5D /* Debug */,
				AC7C7E442B60255C00454F5D /* Release */,
			);
			defaultConfigurationIsVisible = 0;
			defaultConfigurationName = Release;
		};
		AC7C7E452B60255C00454F5D /* Build configuration list for PBXNativeTarget "PoKevUITests" */ = {
			isa = XCConfigurationList;
			buildConfigurations = (
				AC7C7E462B60255C00454F5D /* Debug */,
				AC7C7E472B60255C00454F5D /* Release */,
			);
			defaultConfigurationIsVisible = 0;
			defaultConfigurationName = Release;
		};
/* End XCConfigurationList section */

/* Begin XCRemoteSwiftPackageReference section */
		ACF3CA672B7D34CD00CB0DDB /* XCRemoteSwiftPackageReference "LookingGlassUI" */ = {
			isa = XCRemoteSwiftPackageReference;
			repositoryURL = "https://github.com/ryanlintott/LookingGlassUI";
			requirement = {
				kind = upToNextMajorVersion;
				minimumVersion = 0.3.1;
			};
		};
		ACF3CA6F2B7EAE3400CB0DDB /* XCRemoteSwiftPackageReference "MultiPicker" */ = {
			isa = XCRemoteSwiftPackageReference;
			repositoryURL = "https://github.com/toastersocks/MultiPicker";
			requirement = {
				branch = main;
				kind = branch;
			};
		};
/* End XCRemoteSwiftPackageReference section */

/* Begin XCSwiftPackageProductDependency section */
		ACF3CA682B7D34CD00CB0DDB /* LookingGlassUI */ = {
			isa = XCSwiftPackageProductDependency;
			package = ACF3CA672B7D34CD00CB0DDB /* XCRemoteSwiftPackageReference "LookingGlassUI" */;
			productName = LookingGlassUI;
		};
		ACF3CA702B7EAE3400CB0DDB /* MultiPicker */ = {
			isa = XCSwiftPackageProductDependency;
			package = ACF3CA6F2B7EAE3400CB0DDB /* XCRemoteSwiftPackageReference "MultiPicker" */;
			productName = MultiPicker;
		};
/* End XCSwiftPackageProductDependency section */
	};
	rootObject = AC7C7E122B60255900454F5D /* Project object */;
}
